
Microsoft Visual Studio Solution File, Format Version 12.00
# Visual Studio 15
VisualStudioVersion = 15.0.28307.1000
MinimumVisualStudioVersion = 10.0.40219.1
Project("{F184B08F-C81C-45F6-A57F-5ABD9991F28F}") = "WindowsApp2", "WindowsApp2\WindowsApp2.vbproj", "{933D3563-546C-4FF5-B92B-85F467B72CBC}"
EndProject
Project("{54435603-DBB4-11D2-8724-00A0C9A8B90C}") = "APP2Setup", "APP2Setup\APP2Setup.vdproj", "{A7838041-BBAA-4F2F-8507-6B816822BAE8}"
EndProject
Global
	GlobalSection(SolutionConfigurationPlatforms) = preSolution
		Debug|Any CPU = Debug|Any CPU
		Release|Any CPU = Release|Any CPU
	EndGlobalSection
	GlobalSection(ProjectConfigurationPlatforms) = postSolution
		{933D3563-546C-4FF5-B92B-85F467B72CBC}.Debug|Any CPU.ActiveCfg = Debug|Any CPU
		{933D3563-546C-4FF5-B92B-85F467B72CBC}.Debug|Any CPU.Build.0 = Debug|Any CPU
		{933D3563-546C-4FF5-B92B-85F467B72CBC}.Release|Any CPU.ActiveCfg = Release|Any CPU
		{933D3563-546C-4FF5-B92B-85F467B72CBC}.Release|Any CPU.Build.0 = Release|Any CPU
		{A7838041-BBAA-4F2F-8507-6B816822BAE8}.Debug|Any CPU.ActiveCfg = Debug
		{A7838041-BBAA-4F2F-8507-6B816822BAE8}.Release|Any CPU.ActiveCfg = Release
	EndGlobalSection
	GlobalSection(SolutionProperties) = preSolution
		HideSolutionNode = FALSE
	EndGlobalSection
	GlobalSection(ExtensibilityGlobals) = postSolution
		SolutionGuid = {C00530B4-BFB5-49AB-B00E-748C03132776}
	EndGlobalSection
EndGlobal
